
Microsoft Visual Studio Solution File, Format Version 12.00
# Visual Studio 2013
VisualStudioVersion = 12.0.21005.1
MinimumVisualStudioVersion = 10.0.40219.1
Project("{FAE04EC0-301F-11D3-BF4B-00C04F79EFBC}") = "PlayerWPF", "PlayerWPF\PlayerWPF.csproj", "{4669E08D-AFAE-462D-885F-7E27E8ACC6EE}"
EndProject
Project("{F088123C-0E9E-452A-89E6-6BA2F21D5CAC}") = "ModelingProject1", "ModelingProject1\ModelingProject1.modelproj", "{D5E92E17-492F-4601-9E6E-D066B59C734F}"
EndProject
Global
	GlobalSection(SolutionConfigurationPlatforms) = preSolution
		Debug|Any CPU = Debug|Any CPU
		Debug|x86 = Debug|x86
		for 32-bit|Any CPU = for 32-bit|Any CPU
		for 32-bit|x86 = for 32-bit|x86
		Release|Any CPU = Release|Any CPU
		Release|x86 = Release|x86
	EndGlobalSection
	GlobalSection(ProjectConfigurationPlatforms) = postSolution
		{4669E08D-AFAE-462D-885F-7E27E8ACC6EE}.Debug|Any CPU.ActiveCfg = Debug|Any CPU
		{4669E08D-AFAE-462D-885F-7E27E8ACC6EE}.Debug|Any CPU.Build.0 = Debug|Any CPU
		{4669E08D-AFAE-462D-885F-7E27E8ACC6EE}.Debug|x86.ActiveCfg = Debug|Any CPU
		{4669E08D-AFAE-462D-885F-7E27E8ACC6EE}.Debug|x86.Build.0 = Debug|Any CPU
		{4669E08D-AFAE-462D-885F-7E27E8ACC6EE}.for 32-bit|Any CPU.ActiveCfg = for 32-bit|Any CPU
		{4669E08D-AFAE-462D-885F-7E27E8ACC6EE}.for 32-bit|Any CPU.Build.0 = for 32-bit|Any CPU
		{4669E08D-AFAE-462D-885F-7E27E8ACC6EE}.for 32-bit|x86.ActiveCfg = for 32-bit|x86
		{4669E08D-AFAE-462D-885F-7E27E8ACC6EE}.for 32-bit|x86.Build.0 = for 32-bit|x86
		{4669E08D-AFAE-462D-885F-7E27E8ACC6EE}.Release|Any CPU.ActiveCfg = Release|Any CPU
		{4669E08D-AFAE-462D-885F-7E27E8ACC6EE}.Release|Any CPU.Build.0 = Release|Any CPU
		{4669E08D-AFAE-462D-885F-7E27E8ACC6EE}.Release|Any CPU.Deploy.0 = Release|Any CPU
		{4669E08D-AFAE-462D-885F-7E27E8ACC6EE}.Release|x86.ActiveCfg = Release|x86
		{4669E08D-AFAE-462D-885F-7E27E8ACC6EE}.Release|x86.Build.0 = Release|x86
		{D5E92E17-492F-4601-9E6E-D066B59C734F}.Debug|Any CPU.ActiveCfg = Debug|Any CPU
		{D5E92E17-492F-4601-9E6E-D066B59C734F}.Debug|Any CPU.Build.0 = Debug|Any CPU
		{D5E92E17-492F-4601-9E6E-D066B59C734F}.Debug|x86.ActiveCfg = Debug|Any CPU
		{D5E92E17-492F-4601-9E6E-D066B59C734F}.for 32-bit|Any CPU.ActiveCfg = Release|Any CPU
		{D5E92E17-492F-4601-9E6E-D066B59C734F}.for 32-bit|Any CPU.Build.0 = Release|Any CPU
		{D5E92E17-492F-4601-9E6E-D066B59C734F}.for 32-bit|x86.ActiveCfg = Release|Any CPU
		{D5E92E17-492F-4601-9E6E-D066B59C734F}.Release|Any CPU.ActiveCfg = Release|Any CPU
		{D5E92E17-492F-4601-9E6E-D066B59C734F}.Release|Any CPU.Build.0 = Release|Any CPU
		{D5E92E17-492F-4601-9E6E-D066B59C734F}.Release|x86.ActiveCfg = Release|Any CPU
	EndGlobalSection
	GlobalSection(SolutionProperties) = preSolution
		HideSolutionNode = FALSE
	EndGlobalSection
EndGlobal
